
Microsoft Visual Studio Solution File, Format Version 12.00
# Visual Studio Version 17
VisualStudioVersion = 17.11.35327.3
MinimumVisualStudioVersion = 10.0.40219.1
Project("{FAE04EC0-301F-11D3-BF4B-00C04F79EFBC}") = "gui", "gui.csproj", "{2DC601F7-1932-4FA5-8489-91837429B0AA}"
EndProject
Global
	GlobalSection(SolutionConfigurationPlatforms) = preSolution
		Debug|Any CPU = Debug|Any CPU
		Release|Any CPU = Release|Any CPU
	EndGlobalSection
	GlobalSection(ProjectConfigurationPlatforms) = postSolution
		{2DC601F7-1932-4FA5-8489-91837429B0AA}.Debug|Any CPU.ActiveCfg = Debug|Any CPU
		{2DC601F7-1932-4FA5-8489-91837429B0AA}.Debug|Any CPU.Build.0 = Debug|Any CPU
		{2DC601F7-1932-4FA5-8489-91837429B0AA}.Release|Any CPU.ActiveCfg = Release|Any CPU
		{2DC601F7-1932-4FA5-8489-91837429B0AA}.Release|Any CPU.Build.0 = Release|Any CPU
	EndGlobalSection
	GlobalSection(SolutionProperties) = preSolution
		HideSolutionNode = FALSE
	EndGlobalSection
	GlobalSection(ExtensibilityGlobals) = postSolution
		SolutionGuid = {19496B35-E0EF-4ACC-ABEA-7D58E861528A}
	EndGlobalSection
EndGlobal
